
Microsoft Visual Studio Solution File, Format Version 12.00
# Visual Studio Version 17
VisualStudioVersion = 17.3.32825.248
MinimumVisualStudioVersion = 10.0.40219.1
Project("{FAE04EC0-301F-11D3-BF4B-00C04F79EFBC}") = "EmployeePortal.Web", "EmployeePortal.Web\EmployeePortal.Web.csproj", "{75B5C6FA-6D99-454B-BDEC-94A564CB079F}"
EndProject
Project("{FAE04EC0-301F-11D3-BF4B-00C04F79EFBC}") = "EmployeePortal.Core", "EmployeePortal.Core\EmployeePortal.Core.csproj", "{51C2049F-E92E-4A58-9ECD-9C266F8F57BA}"
EndProject
Project("{FAE04EC0-301F-11D3-BF4B-00C04F79EFBC}") = "EmployeePortal.Data", "EmployeePortal.Data\EmployeePortal.Data.csproj", "{D606D72C-F714-45E1-A988-D01A4E8AE588}"
EndProject
Global
	GlobalSection(SolutionConfigurationPlatforms) = preSolution
		Debug|Any CPU = Debug|Any CPU
		Release|Any CPU = Release|Any CPU
	EndGlobalSection
	GlobalSection(ProjectConfigurationPlatforms) = postSolution
		{75B5C6FA-6D99-454B-BDEC-94A564CB079F}.Debug|Any CPU.ActiveCfg = Debug|Any CPU
		{75B5C6FA-6D99-454B-BDEC-94A564CB079F}.Debug|Any CPU.Build.0 = Debug|Any CPU
		{75B5C6FA-6D99-454B-BDEC-94A564CB079F}.Release|Any CPU.ActiveCfg = Release|Any CPU
		{75B5C6FA-6D99-454B-BDEC-94A564CB079F}.Release|Any CPU.Build.0 = Release|Any CPU
		{51C2049F-E92E-4A58-9ECD-9C266F8F57BA}.Debug|Any CPU.ActiveCfg = Debug|Any CPU
		{51C2049F-E92E-4A58-9ECD-9C266F8F57BA}.Debug|Any CPU.Build.0 = Debug|Any CPU
		{51C2049F-E92E-4A58-9ECD-9C266F8F57BA}.Release|Any CPU.ActiveCfg = Release|Any CPU
		{51C2049F-E92E-4A58-9ECD-9C266F8F57BA}.Release|Any CPU.Build.0 = Release|Any CPU
		{D606D72C-F714-45E1-A988-D01A4E8AE588}.Debug|Any CPU.ActiveCfg = Debug|Any CPU
		{D606D72C-F714-45E1-A988-D01A4E8AE588}.Debug|Any CPU.Build.0 = Debug|Any CPU
		{D606D72C-F714-45E1-A988-D01A4E8AE588}.Release|Any CPU.ActiveCfg = Release|Any CPU
		{D606D72C-F714-45E1-A988-D01A4E8AE588}.Release|Any CPU.Build.0 = Release|Any CPU
	EndGlobalSection
	GlobalSection(SolutionProperties) = preSolution
		HideSolutionNode = FALSE
	EndGlobalSection
	GlobalSection(ExtensibilityGlobals) = postSolution
		SolutionGuid = {DC8D249B-407C-4919-89E8-54CD0D6E1848}
	EndGlobalSection
EndGlobal
